
Microsoft Visual Studio Solution File, Format Version 12.00
# Visual Studio Version 16
VisualStudioVersion = 16.0.30204.135
MinimumVisualStudioVersion = 10.0.40219.1
Project("{FAE04EC0-301F-11D3-BF4B-00C04F79EFBC}") = "SalesWebMvc", "SalesWebMvc\SalesWebMvc.csproj", "{CF09E6AA-6F57-4FCA-8369-F923384C4C48}"
EndProject
Global
	GlobalSection(SolutionConfigurationPlatforms) = preSolution
		Debug|Any CPU = Debug|Any CPU
		Release|Any CPU = Release|Any CPU
	EndGlobalSection
	GlobalSection(ProjectConfigurationPlatforms) = postSolution
		{CF09E6AA-6F57-4FCA-8369-F923384C4C48}.Debug|Any CPU.ActiveCfg = Debug|Any CPU
		{CF09E6AA-6F57-4FCA-8369-F923384C4C48}.Debug|Any CPU.Build.0 = Debug|Any CPU
		{CF09E6AA-6F57-4FCA-8369-F923384C4C48}.Release|Any CPU.ActiveCfg = Release|Any CPU
		{CF09E6AA-6F57-4FCA-8369-F923384C4C48}.Release|Any CPU.Build.0 = Release|Any CPU
	EndGlobalSection
	GlobalSection(SolutionProperties) = preSolution
		HideSolutionNode = FALSE
	EndGlobalSection
	GlobalSection(ExtensibilityGlobals) = postSolution
		SolutionGuid = {E4321307-0B67-43EF-AC62-89CEDA07437B}
	EndGlobalSection
EndGlobal
